
Microsoft Visual Studio Solution File, Format Version 12.00
# Visual Studio Version 17
VisualStudioVersion = 17.13.35828.75 d17.13
MinimumVisualStudioVersion = 10.0.40219.1
Project("{FAE04EC0-301F-11D3-BF4B-00C04F79EFBC}") = "LeetCodeProjects", "LeetCodeProjects\LeetCodeProjects.csproj", "{9F8DC331-92B3-4A24-A381-3EBBB50D81AB}"
EndProject
Global
	GlobalSection(SolutionConfigurationPlatforms) = preSolution
		Debug|Any CPU = Debug|Any CPU
		Release|Any CPU = Release|Any CPU
	EndGlobalSection
	GlobalSection(ProjectConfigurationPlatforms) = postSolution
		{9F8DC331-92B3-4A24-A381-3EBBB50D81AB}.Debug|Any CPU.ActiveCfg = Debug|Any CPU
		{9F8DC331-92B3-4A24-A381-3EBBB50D81AB}.Debug|Any CPU.Build.0 = Debug|Any CPU
		{9F8DC331-92B3-4A24-A381-3EBBB50D81AB}.Release|Any CPU.ActiveCfg = Release|Any CPU
		{9F8DC331-92B3-4A24-A381-3EBBB50D81AB}.Release|Any CPU.Build.0 = Release|Any CPU
	EndGlobalSection
	GlobalSection(SolutionProperties) = preSolution
		HideSolutionNode = FALSE
	EndGlobalSection
	GlobalSection(ExtensibilityGlobals) = postSolution
		SolutionGuid = {7F55BF74-9BAD-476E-A268-38AFB3E48F5B}
	EndGlobalSection
EndGlobal
