
Microsoft Visual Studio Solution File, Format Version 12.00
# Visual Studio Version 17
VisualStudioVersion = 17.13.35828.75 d17.13
MinimumVisualStudioVersion = 10.0.40219.1
Project("{FAE04EC0-301F-11D3-BF4B-00C04F79EFBC}") = "Two Sum", "Two Sum\Two Sum.csproj", "{71210423-4BEF-41E3-BC7F-45222173DDDF}"
EndProject
Global
	GlobalSection(SolutionConfigurationPlatforms) = preSolution
		Debug|Any CPU = Debug|Any CPU
		Release|Any CPU = Release|Any CPU
	EndGlobalSection
	GlobalSection(ProjectConfigurationPlatforms) = postSolution
		{71210423-4BEF-41E3-BC7F-45222173DDDF}.Debug|Any CPU.ActiveCfg = Debug|Any CPU
		{71210423-4BEF-41E3-BC7F-45222173DDDF}.Debug|Any CPU.Build.0 = Debug|Any CPU
		{71210423-4BEF-41E3-BC7F-45222173DDDF}.Release|Any CPU.ActiveCfg = Release|Any CPU
		{71210423-4BEF-41E3-BC7F-45222173DDDF}.Release|Any CPU.Build.0 = Release|Any CPU
	EndGlobalSection
	GlobalSection(SolutionProperties) = preSolution
		HideSolutionNode = FALSE
	EndGlobalSection
	GlobalSection(ExtensibilityGlobals) = postSolution
		SolutionGuid = {2B3296EB-FC56-49D5-B286-B8A6A0A056CD}
	EndGlobalSection
EndGlobal
